# THIS IS AN AUTOGENERATED FILE. DO NOT EDIT THIS FILE DIRECTLY.
# yarn lockfile v1


"@cycle/base@4.2":
  version "4.2.0"
  resolved "https://registry.yarnpkg.com/@cycle/base/-/base-4.2.0.tgz#ed6043c3c92ed2442d0e4b9ae603aec05e960f0b"

"@cycle/dom@^14.3.0":
  version "14.3.0"
  resolved "https://registry.yarnpkg.com/@cycle/dom/-/dom-14.3.0.tgz#063d9ebd4878c9db10ab69b41e1087e831262a83"
  dependencies:
    "@cycle/xstream-adapter" "3.x.x"
    es6-map "^0.1.4"
    matches-selector "1.0.0"
    snabbdom "0.5.0"
    snabbdom-selector "^0.4.0"
    snabbdom-to-html "^2.0.1"

"@cycle/rxjs-adapter@3.x.x":
  version "3.3.0"
  resolved "https://registry.yarnpkg.com/@cycle/rxjs-adapter/-/rxjs-adapter-3.3.0.tgz#1b26d94b2154d44667690e334a13609c47a83ca6"

"@cycle/rxjs-run@^3.3.0":
  version "3.3.0"
  resolved "https://registry.yarnpkg.com/@cycle/rxjs-run/-/rxjs-run-3.3.0.tgz#400eaed63a9d893233c3f6077b07abd81ef95c96"
  dependencies:
    "@cycle/base" "4.2"
    "@cycle/rxjs-adapter" "3.x.x"

"@cycle/xstream-adapter@3.x.x":
  version "3.1.0"
  resolved "https://registry.yarnpkg.com/@cycle/xstream-adapter/-/xstream-adapter-3.1.0.tgz#97b64f3161d91913666be81ee11a13f3d1e754b4"

balanced-match@^0.4.1:
  version "0.4.2"
  resolved "https://registry.yarnpkg.com/balanced-match/-/balanced-match-0.4.2.tgz#cb3f3e3c732dc0f01ee70b403f302e61d7709838"

brace-expansion@^1.0.0:
  version "1.1.6"
  resolved "https://registry.yarnpkg.com/brace-expansion/-/brace-expansion-1.1.6.tgz#7197d7eaa9b87e648390ea61fc66c84427420df9"
  dependencies:
    balanced-match "^0.4.1"
    concat-map "0.0.1"

browser-split@0.0.1:
  version "0.0.1"
  resolved "https://registry.yarnpkg.com/browser-split/-/browser-split-0.0.1.tgz#7b097574f8e3ead606fb4664e64adfdda2981a93"

concat-map@0.0.1:
  version "0.0.1"
  resolved "https://registry.yarnpkg.com/concat-map/-/concat-map-0.0.1.tgz#d8a96bd77fd68df7793a73036a3ba0d5405d477b"

cssauron@^1.2.0:
  version "1.4.0"
  resolved "https://registry.yarnpkg.com/cssauron/-/cssauron-1.4.0.tgz#a6602dff7e04a8306dc0db9a551e92e8b5662ad8"
  dependencies:
    through X.X.X

d@^0.1.1, d@~0.1.1:
  version "0.1.1"
  resolved "https://registry.yarnpkg.com/d/-/d-0.1.1.tgz#da184c535d18d8ee7ba2aa229b914009fae11309"
  dependencies:
    es5-ext "~0.10.2"

es5-ext@^0.10.7, es5-ext@~0.10.11, es5-ext@~0.10.2, es5-ext@~0.10.7:
  version "0.10.12"
  resolved "https://registry.yarnpkg.com/es5-ext/-/es5-ext-0.10.12.tgz#aa84641d4db76b62abba5e45fd805ecbab140047"
  dependencies:
    es6-iterator "2"
    es6-symbol "~3.1"

es6-iterator@2:
  version "2.0.0"
  resolved "https://registry.yarnpkg.com/es6-iterator/-/es6-iterator-2.0.0.tgz#bd968567d61635e33c0b80727613c9cb4b096bac"
  dependencies:
    d "^0.1.1"
    es5-ext "^0.10.7"
    es6-symbol "3"

es6-map@^0.1.4:
  version "0.1.4"
  resolved "https://registry.yarnpkg.com/es6-map/-/es6-map-0.1.4.tgz#a34b147be224773a4d7da8072794cefa3632b897"
  dependencies:
    d "~0.1.1"
    es5-ext "~0.10.11"
    es6-iterator "2"
    es6-set "~0.1.3"
    es6-symbol "~3.1.0"
    event-emitter "~0.3.4"

es6-set@~0.1.3:
  version "0.1.4"
  resolved "https://registry.yarnpkg.com/es6-set/-/es6-set-0.1.4.tgz#9516b6761c2964b92ff479456233a247dc707ce8"
  dependencies:
    d "~0.1.1"
    es5-ext "~0.10.11"
    es6-iterator "2"
    es6-symbol "3"
    event-emitter "~0.3.4"

es6-symbol@3, es6-symbol@~3.1, es6-symbol@~3.1.0:
  version "3.1.0"
  resolved "https://registry.yarnpkg.com/es6-symbol/-/es6-symbol-3.1.0.tgz#94481c655e7a7cad82eba832d97d5433496d7ffa"
  dependencies:
    d "~0.1.1"
    es5-ext "~0.10.11"

event-emitter@~0.3.4:
  version "0.3.4"
  resolved "https://registry.yarnpkg.com/event-emitter/-/event-emitter-0.3.4.tgz#8d63ddfb4cfe1fae3b32ca265c4c720222080bb5"
  dependencies:
    d "~0.1.1"
    es5-ext "~0.10.7"

fs.realpath@^1.0.0:
  version "1.0.0"
  resolved "https://registry.yarnpkg.com/fs.realpath/-/fs.realpath-1.0.0.tgz#1504ad2523158caa40db4a2787cb01411994ea4f"

glob@^7.0.5:
  version "7.1.1"
  resolved "https://registry.yarnpkg.com/glob/-/glob-7.1.1.tgz#805211df04faaf1c63a3600306cdf5ade50b2ec8"
  dependencies:
    fs.realpath "^1.0.0"
    inflight "^1.0.4"
    inherits "2"
    minimatch "^3.0.2"
    once "^1.3.0"
    path-is-absolute "^1.0.0"

inflight@^1.0.4:
  version "1.0.6"
  resolved "https://registry.yarnpkg.com/inflight/-/inflight-1.0.6.tgz#49bd6331d7d02d0c09bc910a1075ba8165b56df9"
  dependencies:
    once "^1.3.0"
    wrappy "1"

inherits@2:
  version "2.0.3"
  resolved "https://registry.yarnpkg.com/inherits/-/inherits-2.0.3.tgz#633c2c83e3da42a502f52466022480f4208261de"

lodash._baseflatten@^3.0.0:
  version "3.1.4"
  resolved "https://registry.yarnpkg.com/lodash._baseflatten/-/lodash._baseflatten-3.1.4.tgz#0770ff80131af6e34f3b511796a7ba5214e65ff7"
  dependencies:
    lodash.isarguments "^3.0.0"
    lodash.isarray "^3.0.0"

lodash._basefor@^3.0.0:
  version "3.0.3"
  resolved "https://registry.yarnpkg.com/lodash._basefor/-/lodash._basefor-3.0.3.tgz#7550b4e9218ef09fad24343b612021c79b4c20c2"

lodash._baseindexof@^3.0.0:
  version "3.1.0"
  resolved "https://registry.yarnpkg.com/lodash._baseindexof/-/lodash._baseindexof-3.1.0.tgz#fe52b53a1c6761e42618d654e4a25789ed61822c"

lodash._baseuniq@^3.0.0:
  version "3.0.3"
  resolved "https://registry.yarnpkg.com/lodash._baseuniq/-/lodash._baseuniq-3.0.3.tgz#2123fa0db2d69c28d5beb1c1f36d61522a740234"
  dependencies:
    lodash._baseindexof "^3.0.0"
    lodash._cacheindexof "^3.0.0"
    lodash._createcache "^3.0.0"

lodash._bindcallback@^3.0.0:
  version "3.0.1"
  resolved "https://registry.yarnpkg.com/lodash._bindcallback/-/lodash._bindcallback-3.0.1.tgz#e531c27644cf8b57a99e17ed95b35c748789392e"

lodash._cacheindexof@^3.0.0:
  version "3.0.2"
  resolved "https://registry.yarnpkg.com/lodash._cacheindexof/-/lodash._cacheindexof-3.0.2.tgz#3dc69ac82498d2ee5e3ce56091bafd2adc7bde92"

lodash._createcache@^3.0.0:
  version "3.1.2"
  resolved "https://registry.yarnpkg.com/lodash._createcache/-/lodash._createcache-3.1.2.tgz#56d6a064017625e79ebca6b8018e17440bdcf093"
  dependencies:
    lodash._getnative "^3.0.0"

lodash._getnative@^3.0.0:
  version "3.9.1"
  resolved "https://registry.yarnpkg.com/lodash._getnative/-/lodash._getnative-3.9.1.tgz#570bc7dede46d61cdcde687d65d3eecbaa3aaff5"

lodash._root@^3.0.0:
  version "3.0.1"
  resolved "https://registry.yarnpkg.com/lodash._root/-/lodash._root-3.0.1.tgz#fba1c4524c19ee9a5f8136b4609f017cf4ded692"

lodash.deburr@^3.0.0:
  version "3.2.0"
  resolved "https://registry.yarnpkg.com/lodash.deburr/-/lodash.deburr-3.2.0.tgz#6da8f54334a366a7cf4c4c76ef8d80aa1b365ed5"
  dependencies:
    lodash._root "^3.0.0"

lodash.escape@^3.0.0:
  version "3.2.0"
  resolved "https://registry.yarnpkg.com/lodash.escape/-/lodash.escape-3.2.0.tgz#995ee0dc18c1b48cc92effae71a10aab5b487698"
  dependencies:
    lodash._root "^3.0.0"

lodash.forown@^3.0.2:
  version "3.0.2"
  resolved "https://registry.yarnpkg.com/lodash.forown/-/lodash.forown-3.0.2.tgz#90e29cdf7893048dd0529a333e304896b0bac28e"
  dependencies:
    lodash._basefor "^3.0.0"
    lodash._bindcallback "^3.0.0"
    lodash.keys "^3.0.0"

lodash.isarguments@^3.0.0:
  version "3.1.0"
  resolved "https://registry.yarnpkg.com/lodash.isarguments/-/lodash.isarguments-3.1.0.tgz#2f573d85c6a24289ff00663b491c1d338ff3458a"

lodash.isarray@^3.0.0:
  version "3.0.4"
  resolved "https://registry.yarnpkg.com/lodash.isarray/-/lodash.isarray-3.0.4.tgz#79e4eb88c36a8122af86f844aa9bcd851b5fbb55"

lodash.kebabcase@^3.0.1:
  version "3.1.1"
  resolved "https://registry.yarnpkg.com/lodash.kebabcase/-/lodash.kebabcase-3.1.1.tgz#28c3e675c6a5b5d3526419d3ab605dcbbff17c8b"
  dependencies:
    lodash.deburr "^3.0.0"
    lodash.words "^3.0.0"

lodash.keys@^3.0.0:
  version "3.1.2"
  resolved "https://registry.yarnpkg.com/lodash.keys/-/lodash.keys-3.1.2.tgz#4dbc0472b156be50a0b286855d1bd0b0c656098a"
  dependencies:
    lodash._getnative "^3.0.0"
    lodash.isarguments "^3.0.0"
    lodash.isarray "^3.0.0"

lodash.restparam@^3.0.0:
  version "3.6.1"
  resolved "https://registry.yarnpkg.com/lodash.restparam/-/lodash.restparam-3.6.1.tgz#936a4e309ef330a7645ed4145986c85ae5b20805"

lodash.union@^3.1.0:
  version "3.1.0"
  resolved "https://registry.yarnpkg.com/lodash.union/-/lodash.union-3.1.0.tgz#a4a3066fc15d6a7f8151cce9bdfe63dce7f5bcff"
  dependencies:
    lodash._baseflatten "^3.0.0"
    lodash._baseuniq "^3.0.0"
    lodash.restparam "^3.0.0"

lodash.words@^3.0.0:
  version "3.2.0"
  resolved "https://registry.yarnpkg.com/lodash.words/-/lodash.words-3.2.0.tgz#4e2a8649bc08745b17c695b1a3ce8fee596623b3"
  dependencies:
    lodash._root "^3.0.0"

lodash@^4.17.4:
  version "4.17.4"
  resolved "https://registry.yarnpkg.com/lodash/-/lodash-4.17.4.tgz#78203a4d1c328ae1d86dca6460e369b57f4055ae"

matches-selector@1.0.0:
  version "1.0.0"
  resolved "https://registry.yarnpkg.com/matches-selector/-/matches-selector-1.0.0.tgz#434833447026a25ea4999edab18e4b8892b25721"

midiconvert@^0.4.1:
  version "0.4.1"
  resolved "https://registry.yarnpkg.com/midiconvert/-/midiconvert-0.4.1.tgz#0e24f0aee645ee49901a3505beb810bbea038e09"

minimatch@^3.0.2:
  version "3.0.3"
  resolved "https://registry.yarnpkg.com/minimatch/-/minimatch-3.0.3.tgz#2a4e4090b96b2db06a9d7df01055a62a77c9b774"
  dependencies:
    brace-expansion "^1.0.0"

once@^1.3.0:
  version "1.3.3"
  resolved "https://registry.yarnpkg.com/once/-/once-1.3.3.tgz#b2e261557ce4c314ec8304f3fa82663e4297ca20"
  dependencies:
    wrappy "1"

path-is-absolute@^1.0.0:
  version "1.0.1"
  resolved "https://registry.yarnpkg.com/path-is-absolute/-/path-is-absolute-1.0.1.tgz#174b9268735534ffbc7ace6bf53a5a9e1b5c5f5f"

rimraf@^2.6.1:
  version "2.6.1"
  resolved "https://registry.yarnpkg.com/rimraf/-/rimraf-2.6.1.tgz#c2338ec643df7a1b7fe5c54fa86f57428a55f33d"
  dependencies:
    glob "^7.0.5"

rxjs@^5.0.2:
  version "5.0.2"
  resolved "https://registry.yarnpkg.com/rxjs/-/rxjs-5.0.2.tgz#cc6513756daa93cab4085c1b5a19a3e28fb6c6bf"
  dependencies:
    symbol-observable "^1.0.1"

snabbdom-jsx@^0.3.1:
  version "0.3.1"
  resolved "https://registry.yarnpkg.com/snabbdom-jsx/-/snabbdom-jsx-0.3.1.tgz#3a8c58fd88da4b76a472c0ffd2f30566a5c3c172"

snabbdom-selector@^0.4.0:
  version "0.4.0"
  resolved "https://registry.yarnpkg.com/snabbdom-selector/-/snabbdom-selector-0.4.0.tgz#b83676aed64330c2acb1caa40adad5337f515ba5"
  dependencies:
    browser-split "0.0.1"
    cssauron "^1.2.0"

snabbdom-to-html@^2.0.1:
  version "2.1.3"
  resolved "https://registry.yarnpkg.com/snabbdom-to-html/-/snabbdom-to-html-2.1.3.tgz#166acd89db18e9c62dfed4a1d4cbd0c378a1b691"
  dependencies:
    browser-split "0.0.1"
    lodash.escape "^3.0.0"
    lodash.forown "^3.0.2"
    lodash.kebabcase "^3.0.1"
    lodash.union "^3.1.0"

snabbdom@0.5.0:
  version "0.5.0"
  resolved "https://registry.yarnpkg.com/snabbdom/-/snabbdom-0.5.0.tgz#be46231942602154b74cd94985dd9deda5b41761"

symbol-observable@^1.0.1, symbol-observable@^1.0.2:
  version "1.0.4"
  resolved "https://registry.yarnpkg.com/symbol-observable/-/symbol-observable-1.0.4.tgz#29bf615d4aa7121bdd898b22d4b3f9bc4e2aa03d"

through@X.X.X:
  version "2.3.8"
  resolved "https://registry.yarnpkg.com/through/-/through-2.3.8.tgz#0dd4c9ffaabc357960b1b724115d7e0e86a2e1f5"

tslib@^1.4.0:
  version "1.4.0"
  resolved "https://registry.yarnpkg.com/tslib/-/tslib-1.4.0.tgz#6bb6b97fe5f3d71bfbcf10e22ee1e29b6e63cc19"

wrappy@1:
  version "1.0.2"
  resolved "https://registry.yarnpkg.com/wrappy/-/wrappy-1.0.2.tgz#b5243d8f3ec1aa35f1364605bc0d1036e30ab69f"

xstream@^9.3.0:
  version "9.3.0"
  resolved "https://registry.yarnpkg.com/xstream/-/xstream-9.3.0.tgz#7cc9c91970c84644fc00d59621027259cc2dad0e"
  dependencies:
    symbol-observable "^1.0.2"
